// !$*UTF8*$!
{
	archiveVersion = 1;
	classes = {
	};
	objectVersion = 50;
	objects = {

/* Begin PBXBuildFile section */
		A162D54C2142E0D100E1A56E /* AppDelegate.swift in Sources */ = {isa = PBXBuildFile; fileRef = A162D54B2142E0D100E1A56E /* AppDelegate.swift */; };
		A162D54E2142E0D100E1A56E /* ViewController.swift in Sources */ = {isa = PBXBuildFile; fileRef = A162D54D2142E0D100E1A56E /* ViewController.swift */; };
		A162D5512142E0D200E1A56E /* Main.storyboard in Resources */ = {isa = PBXBuildFile; fileRef = A162D54F2142E0D200E1A56E /* Main.storyboard */; };
		A162D5532142E0D300E1A56E /* Assets.xcassets in Resources */ = {isa = PBXBuildFile; fileRef = A162D5522142E0D300E1A56E /* Assets.xcassets */; };
		A162D5562142E0D300E1A56E /* LaunchScreen.storyboard in Resources */ = {isa = PBXBuildFile; fileRef = A162D5542142E0D300E1A56E /* LaunchScreen.storyboard */; };
		A162D5612142E0D300E1A56E /* HelloworldTests.swift in Sources */ = {isa = PBXBuildFile; fileRef = A162D5602142E0D300E1A56E /* HelloworldTests.swift */; };
		A162D56C2142E0D300E1A56E /* HelloworldUITests.swift in Sources */ = {isa = PBXBuildFile; fileRef = A162D56B2142E0D300E1A56E /* HelloworldUITests.swift */; };
/* End PBXBuildFile section */

/* Begin PBXContainerItemProxy section */
		A162D55D2142E0D300E1A56E /* PBXContainerItemProxy */ = {
			isa = PBXContainerItemProxy;
			containerPortal = A162D5402142E0D100E1A56E /* Project object */;
			proxyType = 1;
			remoteGlobalIDString = A162D5472142E0D100E1A56E;
			remoteInfo = Helloworld;
		};
		A162D5682142E0D300E1A56E /* PBXContainerItemProxy */ = {
			isa = PBXContainerItemProxy;
			containerPortal = A162D5402142E0D100E1A56E /* Project object */;
			proxyType = 1;
			remoteGlobalIDString = A162D5472142E0D100E1A56E;
			remoteInfo = Helloworld;
		};
/* End PBXContainerItemProxy section */

/* Begin PBXFileReference section */
		A162D5482142E0D100E1A56E /* Helloworld.app */ = {isa = PBXFileReference; explicitFileType = wrapper.application; includeInIndex = 0; path = Helloworld.app; sourceTree = BUILT_PRODUCTS_DIR; };
		A162D54B2142E0D100E1A56E /* AppDelegate.swift */ = {isa = PBXFileReference; lastKnownFileType = sourcecode.swift; path = AppDelegate.swift; sourceTree = "<group>"; };
		A162D54D2142E0D100E1A56E /* ViewController.swift */ = {isa = PBXFileReference; lastKnownFileType = sourcecode.swift; path = ViewController.swift; sourceTree = "<group>"; };
		A162D5502142E0D200E1A56E /* Base */ = {isa = PBXFileReference; lastKnownFileType = file.storyboard; name = Base; path = Base.lproj/Main.storyboard; sourceTree = "<group>"; };
		A162D5522142E0D300E1A56E /* Assets.xcassets */ = {isa = PBXFileReference; lastKnownFileType = folder.assetcatalog; path = Assets.xcassets; sourceTree = "<group>"; };
		A162D5552142E0D300E1A56E /* Base */ = {isa = PBXFileReference; lastKnownFileType = file.storyboard; name = Base; path = Base.lproj/LaunchScreen.storyboard; sourceTree = "<group>"; };
		A162D5572142E0D300E1A56E /* Info.plist */ = {isa = PBXFileReference; lastKnownFileType = text.plist.xml; path = Info.plist; sourceTree = "<group>"; };
		A162D55C2142E0D300E1A56E /* HelloworldTests.xctest */ = {isa = PBXFileReference; explicitFileType = wrapper.cfbundle; includeInIndex = 0; path = HelloworldTests.xctest; sourceTree = BUILT_PRODUCTS_DIR; };
		A162D5602142E0D300E1A56E /* HelloworldTests.swift */ = {isa = PBXFileReference; lastKnownFileType = sourcecode.swift; path = HelloworldTests.swift; sourceTree = "<group>"; };
		A162D5622142E0D300E1A56E /* Info.plist */ = {isa = PBXFileReference; lastKnownFileType = text.plist.xml; path = Info.plist; sourceTree = "<group>"; };
		A162D5672142E0D300E1A56E /* HelloworldUITests.xctest */ = {isa = PBXFileReference; explicitFileType = wrapper.cfbundle; includeInIndex = 0; path = HelloworldUITests.xctest; sourceTree = BUILT_PRODUCTS_DIR; };
		A162D56B2142E0D300E1A56E /* HelloworldUITests.swift */ = {isa = PBXFileReference; lastKnownFileType = sourcecode.swift; path = HelloworldUITests.swift; sourceTree = "<group>"; };
		A162D56D2142E0D300E1A56E /* Info.plist */ = {isa = PBXFileReference; lastKnownFileType = text.plist.xml; path = Info.plist; sourceTree = "<group>"; };
/* End PBXFileReference section */

/* Begin PBXFrameworksBuildPhase section */
		A162D5452142E0D100E1A56E /* Frameworks */ = {
			isa = PBXFrameworksBuildPhase;
			buildActionMask = 2147483647;
			files = (
			);
			runOnlyForDeploymentPostprocessing = 0;
		};
		A162D5592142E0D300E1A56E /* Frameworks */ = {
			isa = PBXFrameworksBuildPhase;
			buildActionMask = 2147483647;
			files = (
			);
			runOnlyForDeploymentPostprocessing = 0;
		};
		A162D5642142E0D300E1A56E /* Frameworks */ = {
			isa = PBXFrameworksBuildPhase;
			buildActionMask = 2147483647;
			files = (
			);
			runOnlyForDeploymentPostprocessing = 0;
		};
/* End PBXFrameworksBuildPhase section */

/* Begin PBXGroup section */
		A162D53F2142E0D100E1A56E = {
			isa = PBXGroup;
			children = (
				A162D54A2142E0D100E1A56E /* Helloworld */,
				A162D55F2142E0D300E1A56E /* HelloworldTests */,
				A162D56A2142E0D300E1A56E /* HelloworldUITests */,
				A162D5492142E0D100E1A56E /* Products */,
			);
			sourceTree = "<group>";
		};
		A162D5492142E0D100E1A56E /* Products */ = {
			isa = PBXGroup;
			children = (
				A162D5482142E0D100E1A56E /* Helloworld.app */,
				A162D55C2142E0D300E1A56E /* HelloworldTests.xctest */,
				A162D5672142E0D300E1A56E /* HelloworldUITests.xctest */,
			);
			name = Products;
			sourceTree = "<group>";
		};
		A162D54A2142E0D100E1A56E /* Helloworld */ = {
			isa = PBXGroup;
			children = (
				A162D54B2142E0D100E1A56E /* AppDelegate.swift */,
				A162D54D2142E0D100E1A56E /* ViewController.swift */,
				A162D54F2142E0D200E1A56E /* Main.storyboard */,
				A162D5522142E0D300E1A56E /* Assets.xcassets */,
				A162D5542142E0D300E1A56E /* LaunchScreen.storyboard */,
				A162D5572142E0D300E1A56E /* Info.plist */,
			);
			path = Helloworld;
			sourceTree = "<group>";
		};
		A162D55F2142E0D300E1A56E /* HelloworldTests */ = {
			isa = PBXGroup;
			children = (
				A162D5602142E0D300E1A56E /* HelloworldTests.swift */,
				A162D5622142E0D300E1A56E /* Info.plist */,
			);
			path = HelloworldTests;
			sourceTree = "<group>";
		};
		A162D56A2142E0D300E1A56E /* HelloworldUITests */ = {
			isa = PBXGroup;
			children = (
				A162D56B2142E0D300E1A56E /* HelloworldUITests.swift */,
				A162D56D2142E0D300E1A56E /* Info.plist */,
			);
			path = HelloworldUITests;
			sourceTree = "<group>";
		};
/* End PBXGroup section */

/* Begin PBXNativeTarget section */
		A162D5472142E0D100E1A56E /* Helloworld */ = {
			isa = PBXNativeTarget;
			buildConfigurationList = A162D5702142E0D300E1A56E /* Build configuration list for PBXNativeTarget "Helloworld" */;
			buildPhases = (
				A162D5442142E0D100E1A56E /* Sources */,
				A162D5452142E0D100E1A56E /* Frameworks */,
				A162D5462142E0D100E1A56E /* Resources */,
			);
			buildRules = (
			);
			dependencies = (
			);
			name = Helloworld;
			productName = Helloworld;
			productReference = A162D5482142E0D100E1A56E /* Helloworld.app */;
			productType = "com.apple.product-type.application";
		};
		A162D55B2142E0D300E1A56E /* HelloworldTests */ = {
			isa = PBXNativeTarget;
			buildConfigurationList = A162D5732142E0D300E1A56E /* Build configuration list for PBXNativeTarget "HelloworldTests" */;
			buildPhases = (
				A162D5582142E0D300E1A56E /* Sources */,
				A162D5592142E0D300E1A56E /* Frameworks */,
				A162D55A2142E0D300E1A56E /* Resources */,
			);
			buildRules = (
			);
			dependencies = (
				A162D55E2142E0D300E1A56E /* PBXTargetDependency */,
			);
			name = HelloworldTests;
			productName = HelloworldTests;
			productReference = A162D55C2142E0D300E1A56E /* HelloworldTests.xctest */;
			productType = "com.apple.product-type.bundle.unit-test";
		};
		A162D5662142E0D300E1A56E /* HelloworldUITests */ = {
			isa = PBXNativeTarget;
			buildConfigurationList = A162D5762142E0D300E1A56E /* Build configuration list for PBXNativeTarget "HelloworldUITests" */;
			buildPhases = (
				A162D5632142E0D300E1A56E /* Sources */,
				A162D5642142E0D300E1A56E /* Frameworks */,
				A162D5652142E0D300E1A56E /* Resources */,
			);
			buildRules = (
			);
			dependencies = (
				A162D5692142E0D300E1A56E /* PBXTargetDependency */,
			);
			name = HelloworldUITests;
			productName = HelloworldUITests;
			productReference = A162D5672142E0D300E1A56E /* HelloworldUITests.xctest */;
			productType = "com.apple.product-type.bundle.ui-testing";
		};
/* End PBXNativeTarget section */

/* Begin PBXProject section */
		A162D5402142E0D100E1A56E /* Project object */ = {
			isa = PBXProject;
			attributes = {
				LastSwiftUpdateCheck = 0940;
				LastUpgradeCheck = 0940;
				ORGANIZATIONNAME = "kenny yuen";
				TargetAttributes = {
					A162D5472142E0D100E1A56E = {
						CreatedOnToolsVersion = 9.4.1;
					};
					A162D55B2142E0D300E1A56E = {
						CreatedOnToolsVersion = 9.4.1;
						TestTargetID = A162D5472142E0D100E1A56E;
					};
					A162D5662142E0D300E1A56E = {
						CreatedOnToolsVersion = 9.4.1;
						TestTargetID = A162D5472142E0D100E1A56E;
					};
				};
			};
			buildConfigurationList = A162D5432142E0D100E1A56E /* Build configuration list for PBXProject "Helloworld" */;
			compatibilityVersion = "Xcode 9.3";
			developmentRegion = en;
			hasScannedForEncodings = 0;
			knownRegions = (
				en,
				Base,
			);
			mainGroup = A162D53F2142E0D100E1A56E;
			productRefGroup = A162D5492142E0D100E1A56E /* Products */;
			projectDirPath = "";
			projectRoot = "";
			targets = (
				A162D5472142E0D100E1A56E /* Helloworld */,
				A162D55B2142E0D300E1A56E /* HelloworldTests */,
				A162D5662142E0D300E1A56E /* HelloworldUITests */,
			);
		};
/* End PBXProject section */

/* Begin PBXResourcesBuildPhase section */
		A162D5462142E0D100E1A56E /* Resources */ = {
			isa = PBXResourcesBuildPhase;
			buildActionMask = 2147483647;
			files = (
				A162D5562142E0D300E1A56E /* LaunchScreen.storyboard in Resources */,
				A162D5532142E0D300E1A56E /* Assets.xcassets in Resources */,
				A162D5512142E0D200E1A56E /* Main.storyboard in Resources */,
			);
			runOnlyForDeploymentPostprocessing = 0;
		};
		A162D55A2142E0D300E1A56E /* Resources */ = {
			isa = PBXResourcesBuildPhase;
			buildActionMask = 2147483647;
			files = (
			);
			runOnlyForDeploymentPostprocessing = 0;
		};
		A162D5652142E0D300E1A56E /* Resources */ = {
			isa = PBXResourcesBuildPhase;
			buildActionMask = 2147483647;
			files = (
			);
			runOnlyForDeploymentPostprocessing = 0;
		};
/* End PBXResourcesBuildPhase section */

/* Begin PBXSourcesBuildPhase section */
		A162D5442142E0D100E1A56E /* Sources */ = {
			isa = PBXSourcesBuildPhase;
			buildActionMask = 2147483647;
			files = (
				A162D54E2142E0D100E1A56E /* ViewController.swift in Sources */,
				A162D54C2142E0D100E1A56E /* AppDelegate.swift in Sources */,
			);
			runOnlyForDeploymentPostprocessing = 0;
		};
		A162D5582142E0D300E1A56E /* Sources */ = {
			isa = PBXSourcesBuildPhase;
			buildActionMask = 2147483647;
			files = (
				A162D5612142E0D300E1A56E /* HelloworldTests.swift in Sources */,
			);
			runOnlyForDeploymentPostprocessing = 0;
		};
		A162D5632142E0D300E1A56E /* Sources */ = {
			isa = PBXSourcesBuildPhase;
			buildActionMask = 2147483647;
			files = (
				A162D56C2142E0D300E1A56E /* HelloworldUITests.swift in Sources */,
			);
			runOnlyForDeploymentPostprocessing = 0;
		};
/* End PBXSourcesBuildPhase section */

/* Begin PBXTargetDependency section */
		A162D55E2142E0D300E1A56E /* PBXTargetDependency */ = {
			isa = PBXTargetDependency;
			target = A162D5472142E0D100E1A56E /* Helloworld */;
			targetProxy = A162D55D2142E0D300E1A56E /* PBXContainerItemProxy */;
		};
		A162D5692142E0D300E1A56E /* PBXTargetDependency */ = {
			isa = PBXTargetDependency;
			target = A162D5472142E0D100E1A56E /* Helloworld */;
			targetProxy = A162D5682142E0D300E1A56E /* PBXContainerItemProxy */;
		};
/* End PBXTargetDependency section */

/* Begin PBXVariantGroup section */
		A162D54F2142E0D200E1A56E /* Main.storyboard */ = {
			isa = PBXVariantGroup;
			children = (
				A162D5502142E0D200E1A56E /* Base */,
			);
			name = Main.storyboard;
			sourceTree = "<group>";
		};
		A162D5542142E0D300E1A56E /* LaunchScreen.storyboard */ = {
			isa = PBXVariantGroup;
			children = (
				A162D5552142E0D300E1A56E /* Base */,
			);
			name = LaunchScreen.storyboard;
			sourceTree = "<group>";
		};
/* End PBXVariantGroup section */

/* Begin XCBuildConfiguration section */
		A162D56E2142E0D300E1A56E /* Debug */ = {
			isa = XCBuildConfiguration;
			buildSettings = {
				ALWAYS_SEARCH_USER_PATHS = NO;
				CLANG_ANALYZER_NONNULL = YES;
				CLANG_ANALYZER_NUMBER_OBJECT_CONVERSION = YES_AGGRESSIVE;
				CLANG_CXX_LANGUAGE_STANDARD = "gnu++14";
				CLANG_CXX_LIBRARY = "libc++";
				CLANG_ENABLE_MODULES = YES;
				CLANG_ENABLE_OBJC_ARC = YES;
				CLANG_ENABLE_OBJC_WEAK = YES;
				CLANG_WARN_BLOCK_CAPTURE_AUTORELEASING = YES;
				CLANG_WARN_BOOL_CONVERSION = YES;
				CLANG_WARN_COMMA = YES;
				CLANG_WARN_CONSTANT_CONVERSION = YES;
				CLANG_WARN_DEPRECATED_OBJC_IMPLEMENTATIONS = YES;
				CLANG_WARN_DIRECT_OBJC_ISA_USAGE = YES_ERROR;
				CLANG_WARN_DOCUMENTATION_COMMENTS = YES;
				CLANG_WARN_EMPTY_BODY = YES;
				CLANG_WARN_ENUM_CONVERSION = YES;
				CLANG_WARN_INFINITE_RECURSION = YES;
				CLANG_WARN_INT_CONVERSION = YES;
				CLANG_WARN_NON_LITERAL_NULL_CONVERSION = YES;
				CLANG_WARN_OBJC_IMPLICIT_RETAIN_SELF = YES;
				CLANG_WARN_OBJC_LITERAL_CONVERSION = YES;
				CLANG_WARN_OBJC_ROOT_CLASS = YES_ERROR;
				CLANG_WARN_RANGE_LOOP_ANALYSIS = YES;
				CLANG_WARN_STRICT_PROTOTYPES = YES;
				CLANG_WARN_SUSPICIOUS_MOVE = YES;
				CLANG_WARN_UNGUARDED_AVAILABILITY = YES_AGGRESSIVE;
				CLANG_WARN_UNREACHABLE_CODE = YES;
				CLANG_WARN__DUPLICATE_METHOD_MATCH = YES;
				CODE_SIGN_IDENTITY = "iPhone Developer";
				COPY_PHASE_STRIP = NO;
				DEBUG_INFORMATION_FORMAT = dwarf;
				ENABLE_STRICT_OBJC_MSGSEND = YES;
				ENABLE_TESTABILITY = YES;
				GCC_C_LANGUAGE_STANDARD = gnu11;
				GCC_DYNAMIC_NO_PIC = NO;
				GCC_NO_COMMON_BLOCKS = YES;
				GCC_OPTIMIZATION_LEVEL = 0;
				GCC_PREPROCESSOR_DEFINITIONS = (
					"DEBUG=1",
					"$(inherited)",
				);
				GCC_WARN_64_TO_32_BIT_CONVERSION = YES;
				GCC_WARN_ABOUT_RETURN_TYPE = YES_ERROR;
				GCC_WARN_UNDECLARED_SELECTOR = YES;
				GCC_WARN_UNINITIALIZED_AUTOS = YES_AGGRESSIVE;
				GCC_WARN_UNUSED_FUNCTION = YES;
				GCC_WARN_UNUSED_VARIABLE = YES;
				IPHONEOS_DEPLOYMENT_TARGET = 11.4;
				MTL_ENABLE_DEBUG_INFO = YES;
				ONLY_ACTIVE_ARCH = YES;
				SDKROOT = iphoneos;
				SWIFT_ACTIVE_COMPILATION_CONDITIONS = DEBUG;
				SWIFT_OPTIMIZATION_LEVEL = "-Onone";
			};
			name = Debug;
		};
		A162D56F2142E0D300E1A56E /* Release */ = {
			isa = XCBuildConfiguration;
			buildSettings = {
				ALWAYS_SEARCH_USER_PATHS = NO;
				CLANG_ANALYZER_NONNULL = YES;
				CLANG_ANALYZER_NUMBER_OBJECT_CONVERSION = YES_AGGRESSIVE;
				CLANG_CXX_LANGUAGE_STANDARD = "gnu++14";
				CLANG_CXX_LIBRARY = "libc++";
				CLANG_ENABLE_MODULES = YES;
				CLANG_ENABLE_OBJC_ARC = YES;
				CLANG_ENABLE_OBJC_WEAK = YES;
				CLANG_WARN_BLOCK_CAPTURE_AUTORELEASING = YES;
				CLANG_WARN_BOOL_CONVERSION = YES;
				CLANG_WARN_COMMA = YES;
				CLANG_WARN_CONSTANT_CONVERSION = YES;
				CLANG_WARN_DEPRECATED_OBJC_IMPLEMENTATIONS = YES;
				CLANG_WARN_DIRECT_OBJC_ISA_USAGE = YES_ERROR;
				CLANG_WARN_DOCUMENTATION_COMMENTS = YES;
				CLANG_WARN_EMPTY_BODY = YES;
				CLANG_WARN_ENUM_CONVERSION = YES;
				CLANG_WARN_INFINITE_RECURSION = YES;
				CLANG_WARN_INT_CONVERSION = YES;
				CLANG_WARN_NON_LITERAL_NULL_CONVERSION = YES;
				CLANG_WARN_OBJC_IMPLICIT_RETAIN_SELF = YES;
				CLANG_WARN_OBJC_LITERAL_CONVERSION = YES;
				CLANG_WARN_OBJC_ROOT_CLASS = YES_ERROR;
				CLANG_WARN_RANGE_LOOP_ANALYSIS = YES;
				CLANG_WARN_STRICT_PROTOTYPES = YES;
				CLANG_WARN_SUSPICIOUS_MOVE = YES;
				CLANG_WARN_UNGUARDED_AVAILABILITY = YES_AGGRESSIVE;
				CLANG_WARN_UNREACHABLE_CODE = YES;
				CLANG_WARN__DUPLICATE_METHOD_MATCH = YES;
				CODE_SIGN_IDENTITY = "iPhone Developer";
				COPY_PHASE_STRIP = NO;
				DEBUG_INFORMATION_FORMAT = "dwarf-with-dsym";
				ENABLE_NS_ASSERTIONS = NO;
				ENABLE_STRICT_OBJC_MSGSEND = YES;
				GCC_C_LANGUAGE_STANDARD = gnu11;
				GCC_NO_COMMON_BLOCKS = YES;
				GCC_WARN_64_TO_32_BIT_CONVERSION = YES;
				GCC_WARN_ABOUT_RETURN_TYPE = YES_ERROR;
				GCC_WARN_UNDECLARED_SELECTOR = YES;
				GCC_WARN_UNINITIALIZED_AUTOS = YES_AGGRESSIVE;
				GCC_WARN_UNUSED_FUNCTION = YES;
				GCC_WARN_UNUSED_VARIABLE = YES;
				IPHONEOS_DEPLOYMENT_TARGET = 11.4;
				MTL_ENABLE_DEBUG_INFO = NO;
				SDKROOT = iphoneos;
				SWIFT_COMPILATION_MODE = wholemodule;
				SWIFT_OPTIMIZATION_LEVEL = "-O";
				VALIDATE_PRODUCT = YES;
			};
			name = Release;
		};
		A162D5712142E0D300E1A56E /* Debug */ = {
			isa = XCBuildConfiguration;
			buildSettings = {
				ASSETCATALOG_COMPILER_APPICON_NAME = AppIcon;
				CODE_SIGN_STYLE = Automatic;
				INFOPLIST_FILE = Helloworld/Info.plist;
				LD_RUNPATH_SEARCH_PATHS = (
					"$(inherited)",
					"@executable_path/Frameworks",
				);
				PRODUCT_BUNDLE_IDENTIFIER = hungya.Helloworld;
				PRODUCT_NAME = "$(TARGET_NAME)";
				SWIFT_VERSION = 4.0;
				TARGETED_DEVICE_FAMILY = "1,2";
			};
			name = Debug;
		};
		A162D5722142E0D300E1A56E /* Release */ = {
			isa = XCBuildConfiguration;
			buildSettings = {
				ASSETCATALOG_COMPILER_APPICON_NAME = AppIcon;
				CODE_SIGN_STYLE = Automatic;
				INFOPLIST_FILE = Helloworld/Info.plist;
				LD_RUNPATH_SEARCH_PATHS = (
					"$(inherited)",
					"@executable_path/Frameworks",
				);
				PRODUCT_BUNDLE_IDENTIFIER = hungya.Helloworld;
				PRODUCT_NAME = "$(TARGET_NAME)";
				SWIFT_VERSION = 4.0;
				TARGETED_DEVICE_FAMILY = "1,2";
			};
			name = Release;
		};
		A162D5742142E0D300E1A56E /* Debug */ = {
			isa = XCBuildConfiguration;
			buildSettings = {
				ALWAYS_EMBED_SWIFT_STANDARD_LIBRARIES = YES;
				BUNDLE_LOADER = "$(TEST_HOST)";
				CODE_SIGN_STYLE = Automatic;
				INFOPLIST_FILE = HelloworldTests/Info.plist;
				LD_RUNPATH_SEARCH_PATHS = (
					"$(inherited)",
					"@executable_path/Frameworks",
					"@loader_path/Frameworks",
				);
				PRODUCT_BUNDLE_IDENTIFIER = hungya.HelloworldTests;
				PRODUCT_NAME = "$(TARGET_NAME)";
				SWIFT_VERSION = 4.0;
				TARGETED_DEVICE_FAMILY = "1,2";
				TEST_HOST = "$(BUILT_PRODUCTS_DIR)/Helloworld.app/Helloworld";
			};
			name = Debug;
		};
		A162D5752142E0D300E1A56E /* Release */ = {
			isa = XCBuildConfiguration;
			buildSettings = {
				ALWAYS_EMBED_SWIFT_STANDARD_LIBRARIES = YES;
				BUNDLE_LOADER = "$(TEST_HOST)";
				CODE_SIGN_STYLE = Automatic;
				INFOPLIST_FILE = HelloworldTests/Info.plist;
				LD_RUNPATH_SEARCH_PATHS = (
					"$(inherited)",
					"@executable_path/Frameworks",
					"@loader_path/Frameworks",
				);
				PRODUCT_BUNDLE_IDENTIFIER = hungya.HelloworldTests;
				PRODUCT_NAME = "$(TARGET_NAME)";
				SWIFT_VERSION = 4.0;
				TARGETED_DEVICE_FAMILY = "1,2";
				TEST_HOST = "$(BUILT_PRODUCTS_DIR)/Helloworld.app/Helloworld";
			};
			name = Release;
		};
		A162D5772142E0D300E1A56E /* Debug */ = {
			isa = XCBuildConfiguration;
			buildSettings = {
				ALWAYS_EMBED_SWIFT_STANDARD_LIBRARIES = YES;
				CODE_SIGN_STYLE = Automatic;
				INFOPLIST_FILE = HelloworldUITests/Info.plist;
				LD_RUNPATH_SEARCH_PATHS = (
					"$(inherited)",
					"@executable_path/Frameworks",
					"@loader_path/Frameworks",
				);
				PRODUCT_BUNDLE_IDENTIFIER = hungya.HelloworldUITests;
				PRODUCT_NAME = "$(TARGET_NAME)";
				SWIFT_VERSION = 4.0;
				TARGETED_DEVICE_FAMILY = "1,2";
				TEST_TARGET_NAME = Helloworld;
			};
			name = Debug;
		};
		A162D5782142E0D300E1A56E /* Release */ = {
			isa = XCBuildConfiguration;
			buildSettings = {
				ALWAYS_EMBED_SWIFT_STANDARD_LIBRARIES = YES;
				CODE_SIGN_STYLE = Automatic;
				INFOPLIST_FILE = HelloworldUITests/Info.plist;
				LD_RUNPATH_SEARCH_PATHS = (
					"$(inherited)",
					"@executable_path/Frameworks",
					"@loader_path/Frameworks",
				);
				PRODUCT_BUNDLE_IDENTIFIER = hungya.HelloworldUITests;
				PRODUCT_NAME = "$(TARGET_NAME)";
				SWIFT_VERSION = 4.0;
				TARGETED_DEVICE_FAMILY = "1,2";
				TEST_TARGET_NAME = Helloworld;
			};
			name = Release;
		};
/* End XCBuildConfiguration section */

/* Begin XCConfigurationList section */
		A162D5432142E0D100E1A56E /* Build configuration list for PBXProject "Helloworld" */ = {
			isa = XCConfigurationList;
			buildConfigurations = (
				A162D56E2142E0D300E1A56E /* Debug */,
				A162D56F2142E0D300E1A56E /* Release */,
			);
			defaultConfigurationIsVisible = 0;
			defaultConfigurationName = Release;
		};
		A162D5702142E0D300E1A56E /* Build configuration list for PBXNativeTarget "Helloworld" */ = {
			isa = XCConfigurationList;
			buildConfigurations = (
				A162D5712142E0D300E1A56E /* Debug */,
				A162D5722142E0D300E1A56E /* Release */,
			);
			defaultConfigurationIsVisible = 0;
			defaultConfigurationName = Release;
		};
		A162D5732142E0D300E1A56E /* Build configuration list for PBXNativeTarget "HelloworldTests" */ = {
			isa = XCConfigurationList;
			buildConfigurations = (
				A162D5742142E0D300E1A56E /* Debug */,
				A162D5752142E0D300E1A56E /* Release */,
			);
			defaultConfigurationIsVisible = 0;
			defaultConfigurationName = Release;
		};
		A162D5762142E0D300E1A56E /* Build configuration list for PBXNativeTarget "HelloworldUITests" */ = {
			isa = XCConfigurationList;
			buildConfigurations = (
				A162D5772142E0D300E1A56E /* Debug */,
				A162D5782142E0D300E1A56E /* Release */,
			);
			defaultConfigurationIsVisible = 0;
			defaultConfigurationName = Release;
		};
/* End XCConfigurationList section */
	};
	rootObject = A162D5402142E0D100E1A56E /* Project object */;
}
